// !$*UTF8*$!
{
	archiveVersion = 1;
	classes = {
	};
	objectVersion = 46;
	objects = {

/* Begin PBXBuildFile section */
		C2C4496219DAD10200411086 /* Foundation.framework in Frameworks */ = {isa = PBXBuildFile; fileRef = C2C4496119DAD10200411086 /* Foundation.framework */; };
		C2C4496719DAD10200411086 /* IOANTlib.h in CopyFiles */ = {isa = PBXBuildFile; fileRef = C2C4496619DAD10200411086 /* IOANTlib.h */; };
		C2C4496919DAD10200411086 /* IOANTlib.m in Sources */ = {isa = PBXBuildFile; fileRef = C2C4496819DAD10200411086 /* IOANTlib.m */; };
		C2C4497019DAD10200411086 /* XCTest.framework in Frameworks */ = {isa = PBXBuildFile; fileRef = C2C4496F19DAD10200411086 /* XCTest.framework */; };
		C2C4497119DAD10200411086 /* Foundation.framework in Frameworks */ = {isa = PBXBuildFile; fileRef = C2C4496119DAD10200411086 /* Foundation.framework */; };
		C2C4497319DAD10200411086 /* UIKit.framework in Frameworks */ = {isa = PBXBuildFile; fileRef = C2C4497219DAD10200411086 /* UIKit.framework */; };
		C2C4497619DAD10200411086 /* libIOANTlib.a in Frameworks */ = {isa = PBXBuildFile; fileRef = C2C4495E19DAD10200411086 /* libIOANTlib.a */; };
		C2C4497C19DAD10200411086 /* InfoPlist.strings in Resources */ = {isa = PBXBuildFile; fileRef = C2C4497A19DAD10200411086 /* InfoPlist.strings */; };
		C2C4497E19DAD10200411086 /* IOANTlibTests.m in Sources */ = {isa = PBXBuildFile; fileRef = C2C4497D19DAD10200411086 /* IOANTlibTests.m */; };
		C2C4499119DAD2B400411086 /* IOANTChineseToPinyin.m in Sources */ = {isa = PBXBuildFile; fileRef = C2C4498E19DAD2B400411086 /* IOANTChineseToPinyin.m */; };
		C2C4499219DAD2B400411086 /* IOANTpinyin.m in Sources */ = {isa = PBXBuildFile; fileRef = C2C4498F19DAD2B400411086 /* IOANTpinyin.m */; };
/* End PBXBuildFile section */

/* Begin PBXContainerItemProxy section */
		C2C4497419DAD10200411086 /* PBXContainerItemProxy */ = {
			isa = PBXContainerItemProxy;
			containerPortal = C2C4495619DAD10200411086 /* Project object */;
			proxyType = 1;
			remoteGlobalIDString = C2C4495D19DAD10200411086;
			remoteInfo = IOANTlib;
		};
/* End PBXContainerItemProxy section */

/* Begin PBXCopyFilesBuildPhase section */
		C2C4495C19DAD10200411086 /* CopyFiles */ = {
			isa = PBXCopyFilesBuildPhase;
			buildActionMask = 2147483647;
			dstPath = "include/$(PRODUCT_NAME)";
			dstSubfolderSpec = 16;
			files = (
				C2C4496719DAD10200411086 /* IOANTlib.h in CopyFiles */,
			);
			runOnlyForDeploymentPostprocessing = 0;
		};
/* End PBXCopyFilesBuildPhase section */

/* Begin PBXFileReference section */
		C2C4495E19DAD10200411086 /* libIOANTlib.a */ = {isa = PBXFileReference; explicitFileType = archive.ar; includeInIndex = 0; path = libIOANTlib.a; sourceTree = BUILT_PRODUCTS_DIR; };
		C2C4496119DAD10200411086 /* Foundation.framework */ = {isa = PBXFileReference; lastKnownFileType = wrapper.framework; name = Foundation.framework; path = System/Library/Frameworks/Foundation.framework; sourceTree = SDKROOT; };
		C2C4496519DAD10200411086 /* IOANTlib-Prefix.pch */ = {isa = PBXFileReference; lastKnownFileType = sourcecode.c.h; path = "IOANTlib-Prefix.pch"; sourceTree = "<group>"; };
		C2C4496619DAD10200411086 /* IOANTlib.h */ = {isa = PBXFileReference; lastKnownFileType = sourcecode.c.h; path = IOANTlib.h; sourceTree = "<group>"; };
		C2C4496819DAD10200411086 /* IOANTlib.m */ = {isa = PBXFileReference; lastKnownFileType = sourcecode.c.objc; path = IOANTlib.m; sourceTree = "<group>"; };
		C2C4496E19DAD10200411086 /* IOANTlibTests.xctest */ = {isa = PBXFileReference; explicitFileType = wrapper.cfbundle; includeInIndex = 0; path = IOANTlibTests.xctest; sourceTree = BUILT_PRODUCTS_DIR; };
		C2C4496F19DAD10200411086 /* XCTest.framework */ = {isa = PBXFileReference; lastKnownFileType = wrapper.framework; name = XCTest.framework; path = Library/Frameworks/XCTest.framework; sourceTree = DEVELOPER_DIR; };
		C2C4497219DAD10200411086 /* UIKit.framework */ = {isa = PBXFileReference; lastKnownFileType = wrapper.framework; name = UIKit.framework; path = Library/Frameworks/UIKit.framework; sourceTree = DEVELOPER_DIR; };
		C2C4497919DAD10200411086 /* IOANTlibTests-Info.plist */ = {isa = PBXFileReference; lastKnownFileType = text.plist.xml; path = "IOANTlibTests-Info.plist"; sourceTree = "<group>"; };
		C2C4497B19DAD10200411086 /* en */ = {isa = PBXFileReference; lastKnownFileType = text.plist.strings; name = en; path = en.lproj/InfoPlist.strings; sourceTree = "<group>"; };
		C2C4497D19DAD10200411086 /* IOANTlibTests.m */ = {isa = PBXFileReference; lastKnownFileType = sourcecode.c.objc; path = IOANTlibTests.m; sourceTree = "<group>"; };
		C2C4498D19DAD2B400411086 /* IOANTChineseToPinyin.h */ = {isa = PBXFileReference; fileEncoding = 4; lastKnownFileType = sourcecode.c.h; path = IOANTChineseToPinyin.h; sourceTree = "<group>"; };
		C2C4498E19DAD2B400411086 /* IOANTChineseToPinyin.m */ = {isa = PBXFileReference; fileEncoding = 4; lastKnownFileType = sourcecode.c.objc; path = IOANTChineseToPinyin.m; sourceTree = "<group>"; };
		C2C4498F19DAD2B400411086 /* IOANTpinyin.m */ = {isa = PBXFileReference; fileEncoding = 4; lastKnownFileType = sourcecode.c.objc; path = IOANTpinyin.m; sourceTree = "<group>"; };
		C2C4499019DAD2B400411086 /* IOANTpinyin.h */ = {isa = PBXFileReference; fileEncoding = 4; lastKnownFileType = sourcecode.c.h; path = IOANTpinyin.h; sourceTree = "<group>"; };
/* End PBXFileReference section */

/* Begin PBXFrameworksBuildPhase section */
		C2C4495B19DAD10200411086 /* Frameworks */ = {
			isa = PBXFrameworksBuildPhase;
			buildActionMask = 2147483647;
			files = (
				C2C4496219DAD10200411086 /* Foundation.framework in Frameworks */,
			);
			runOnlyForDeploymentPostprocessing = 0;
		};
		C2C4496B19DAD10200411086 /* Frameworks */ = {
			isa = PBXFrameworksBuildPhase;
			buildActionMask = 2147483647;
			files = (
				C2C4497019DAD10200411086 /* XCTest.framework in Frameworks */,
				C2C4497619DAD10200411086 /* libIOANTlib.a in Frameworks */,
				C2C4497319DAD10200411086 /* UIKit.framework in Frameworks */,
				C2C4497119DAD10200411086 /* Foundation.framework in Frameworks */,
			);
			runOnlyForDeploymentPostprocessing = 0;
		};
/* End PBXFrameworksBuildPhase section */

/* Begin PBXGroup section */
		C2C4495519DAD10200411086 = {
			isa = PBXGroup;
			children = (
				C2C4498719DAD22200411086 /* common */,
				C2C4498819DAD22200411086 /* data */,
				C2C4498919DAD22200411086 /* net */,
				C2C4498A19DAD22200411086 /* threeParty */,
				C2C4498B19DAD22200411086 /* ui */,
				C2C4496319DAD10200411086 /* IOANTlib */,
				C2C4497719DAD10200411086 /* IOANTlibTests */,
				C2C4496019DAD10200411086 /* Frameworks */,
				C2C4495F19DAD10200411086 /* Products */,
			);
			sourceTree = "<group>";
		};
		C2C4495F19DAD10200411086 /* Products */ = {
			isa = PBXGroup;
			children = (
				C2C4495E19DAD10200411086 /* libIOANTlib.a */,
				C2C4496E19DAD10200411086 /* IOANTlibTests.xctest */,
			);
			name = Products;
			sourceTree = "<group>";
		};
		C2C4496019DAD10200411086 /* Frameworks */ = {
			isa = PBXGroup;
			children = (
				C2C4496119DAD10200411086 /* Foundation.framework */,
				C2C4496F19DAD10200411086 /* XCTest.framework */,
				C2C4497219DAD10200411086 /* UIKit.framework */,
			);
			name = Frameworks;
			sourceTree = "<group>";
		};
		C2C4496319DAD10200411086 /* IOANTlib */ = {
			isa = PBXGroup;
			children = (
				C2C4496619DAD10200411086 /* IOANTlib.h */,
				C2C4496819DAD10200411086 /* IOANTlib.m */,
				C2C4496419DAD10200411086 /* Supporting Files */,
			);
			path = IOANTlib;
			sourceTree = "<group>";
		};
		C2C4496419DAD10200411086 /* Supporting Files */ = {
			isa = PBXGroup;
			children = (
				C2C4496519DAD10200411086 /* IOANTlib-Prefix.pch */,
			);
			name = "Supporting Files";
			sourceTree = "<group>";
		};
		C2C4497719DAD10200411086 /* IOANTlibTests */ = {
			isa = PBXGroup;
			children = (
				C2C4497D19DAD10200411086 /* IOANTlibTests.m */,
				C2C4497819DAD10200411086 /* Supporting Files */,
			);
			path = IOANTlibTests;
			sourceTree = "<group>";
		};
		C2C4497819DAD10200411086 /* Supporting Files */ = {
			isa = PBXGroup;
			children = (
				C2C4497919DAD10200411086 /* IOANTlibTests-Info.plist */,
				C2C4497A19DAD10200411086 /* InfoPlist.strings */,
			);
			name = "Supporting Files";
			sourceTree = "<group>";
		};
		C2C4498719DAD22200411086 /* common */ = {
			isa = PBXGroup;
			children = (
				C2C4498C19DAD2B400411086 /* pinyin */,
			);
			name = common;
			path = IOANTlib/common;
			sourceTree = "<group>";
		};
		C2C4498819DAD22200411086 /* data */ = {
			isa = PBXGroup;
			children = (
			);
			name = data;
			path = IOANTlib/data;
			sourceTree = "<group>";
		};
		C2C4498919DAD22200411086 /* net */ = {
			isa = PBXGroup;
			children = (
			);
			name = net;
			path = IOANTlib/net;
			sourceTree = "<group>";
		};
		C2C4498A19DAD22200411086 /* threeParty */ = {
			isa = PBXGroup;
			children = (
			);
			name = threeParty;
			path = IOANTlib/threeParty;
			sourceTree = "<group>";
		};
		C2C4498B19DAD22200411086 /* ui */ = {
			isa = PBXGroup;
			children = (
			);
			name = ui;
			path = IOANTlib/ui;
			sourceTree = "<group>";
		};
		C2C4498C19DAD2B400411086 /* pinyin */ = {
			isa = PBXGroup;
			children = (
				C2C4498D19DAD2B400411086 /* IOANTChineseToPinyin.h */,
				C2C4498E19DAD2B400411086 /* IOANTChineseToPinyin.m */,
				C2C4498F19DAD2B400411086 /* IOANTpinyin.m */,
				C2C4499019DAD2B400411086 /* IOANTpinyin.h */,
			);
			path = pinyin;
			sourceTree = "<group>";
		};
/* End PBXGroup section */

/* Begin PBXNativeTarget section */
		C2C4495D19DAD10200411086 /* IOANTlib */ = {
			isa = PBXNativeTarget;
			buildConfigurationList = C2C4498119DAD10200411086 /* Build configuration list for PBXNativeTarget "IOANTlib" */;
			buildPhases = (
				C2C4495A19DAD10200411086 /* Sources */,
				C2C4495B19DAD10200411086 /* Frameworks */,
				C2C4495C19DAD10200411086 /* CopyFiles */,
			);
			buildRules = (
			);
			dependencies = (
			);
			name = IOANTlib;
			productName = IOANTlib;
			productReference = C2C4495E19DAD10200411086 /* libIOANTlib.a */;
			productType = "com.apple.product-type.library.static";
		};
		C2C4496D19DAD10200411086 /* IOANTlibTests */ = {
			isa = PBXNativeTarget;
			buildConfigurationList = C2C4498419DAD10200411086 /* Build configuration list for PBXNativeTarget "IOANTlibTests" */;
			buildPhases = (
				C2C4496A19DAD10200411086 /* Sources */,
				C2C4496B19DAD10200411086 /* Frameworks */,
				C2C4496C19DAD10200411086 /* Resources */,
			);
			buildRules = (
			);
			dependencies = (
				C2C4497519DAD10200411086 /* PBXTargetDependency */,
			);
			name = IOANTlibTests;
			productName = IOANTlibTests;
			productReference = C2C4496E19DAD10200411086 /* IOANTlibTests.xctest */;
			productType = "com.apple.product-type.bundle.unit-test";
		};
/* End PBXNativeTarget section */

/* Begin PBXProject section */
		C2C4495619DAD10200411086 /* Project object */ = {
			isa = PBXProject;
			attributes = {
				LastUpgradeCheck = 0510;
				ORGANIZATIONNAME = Liushuai;
			};
			buildConfigurationList = C2C4495919DAD10200411086 /* Build configuration list for PBXProject "IOANTlib" */;
			compatibilityVersion = "Xcode 3.2";
			developmentRegion = English;
			hasScannedForEncodings = 0;
			knownRegions = (
				en,
			);
			mainGroup = C2C4495519DAD10200411086;
			productRefGroup = C2C4495F19DAD10200411086 /* Products */;
			projectDirPath = "";
			projectRoot = "";
			targets = (
				C2C4495D19DAD10200411086 /* IOANTlib */,
				C2C4496D19DAD10200411086 /* IOANTlibTests */,
			);
		};
/* End PBXProject section */

/* Begin PBXResourcesBuildPhase section */
		C2C4496C19DAD10200411086 /* Resources */ = {
			isa = PBXResourcesBuildPhase;
			buildActionMask = 2147483647;
			files = (
				C2C4497C19DAD10200411086 /* InfoPlist.strings in Resources */,
			);
			runOnlyForDeploymentPostprocessing = 0;
		};
/* End PBXResourcesBuildPhase section */

/* Begin PBXSourcesBuildPhase section */
		C2C4495A19DAD10200411086 /* Sources */ = {
			isa = PBXSourcesBuildPhase;
			buildActionMask = 2147483647;
			files = (
				C2C4499219DAD2B400411086 /* IOANTpinyin.m in Sources */,
				C2C4496919DAD10200411086 /* IOANTlib.m in Sources */,
				C2C4499119DAD2B400411086 /* IOANTChineseToPinyin.m in Sources */,
			);
			runOnlyForDeploymentPostprocessing = 0;
		};
		C2C4496A19DAD10200411086 /* Sources */ = {
			isa = PBXSourcesBuildPhase;
			buildActionMask = 2147483647;
			files = (
				C2C4497E19DAD10200411086 /* IOANTlibTests.m in Sources */,
			);
			runOnlyForDeploymentPostprocessing = 0;
		};
/* End PBXSourcesBuildPhase section */

/* Begin PBXTargetDependency section */
		C2C4497519DAD10200411086 /* PBXTargetDependency */ = {
			isa = PBXTargetDependency;
			target = C2C4495D19DAD10200411086 /* IOANTlib */;
			targetProxy = C2C4497419DAD10200411086 /* PBXContainerItemProxy */;
		};
/* End PBXTargetDependency section */

/* Begin PBXVariantGroup section */
		C2C4497A19DAD10200411086 /* InfoPlist.strings */ = {
			isa = PBXVariantGroup;
			children = (
				C2C4497B19DAD10200411086 /* en */,
			);
			name = InfoPlist.strings;
			sourceTree = "<group>";
		};
/* End PBXVariantGroup section */

/* Begin XCBuildConfiguration section */
		C2C4497F19DAD10200411086 /* Debug */ = {
			isa = XCBuildConfiguration;
			buildSettings = {
				ALWAYS_SEARCH_USER_PATHS = NO;
				CLANG_CXX_LANGUAGE_STANDARD = "gnu++0x";
				CLANG_CXX_LIBRARY = "libc++";
				CLANG_ENABLE_MODULES = YES;
				CLANG_ENABLE_OBJC_ARC = YES;
				CLANG_WARN_BOOL_CONVERSION = YES;
				CLANG_WARN_CONSTANT_CONVERSION = YES;
				CLANG_WARN_DIRECT_OBJC_ISA_USAGE = YES_ERROR;
				CLANG_WARN_EMPTY_BODY = YES;
				CLANG_WARN_ENUM_CONVERSION = YES;
				CLANG_WARN_INT_CONVERSION = YES;
				CLANG_WARN_OBJC_ROOT_CLASS = YES_ERROR;
				CLANG_WARN__DUPLICATE_METHOD_MATCH = YES;
				COPY_PHASE_STRIP = NO;
				GCC_C_LANGUAGE_STANDARD = gnu99;
				GCC_DYNAMIC_NO_PIC = NO;
				GCC_OPTIMIZATION_LEVEL = 0;
				GCC_PREPROCESSOR_DEFINITIONS = (
					"DEBUG=1",
					"$(inherited)",
				);
				GCC_SYMBOLS_PRIVATE_EXTERN = NO;
				GCC_WARN_64_TO_32_BIT_CONVERSION = YES;
				GCC_WARN_ABOUT_RETURN_TYPE = YES_ERROR;
				GCC_WARN_UNDECLARED_SELECTOR = YES;
				GCC_WARN_UNINITIALIZED_AUTOS = YES_AGGRESSIVE;
				GCC_WARN_UNUSED_FUNCTION = YES;
				GCC_WARN_UNUSED_VARIABLE = YES;
				IPHONEOS_DEPLOYMENT_TARGET = 7.1;
				ONLY_ACTIVE_ARCH = YES;
				SDKROOT = iphoneos;
			};
			name = Debug;
		};
		C2C4498019DAD10200411086 /* Release */ = {
			isa = XCBuildConfiguration;
			buildSettings = {
				ALWAYS_SEARCH_USER_PATHS = NO;
				CLANG_CXX_LANGUAGE_STANDARD = "gnu++0x";
				CLANG_CXX_LIBRARY = "libc++";
				CLANG_ENABLE_MODULES = YES;
				CLANG_ENABLE_OBJC_ARC = YES;
				CLANG_WARN_BOOL_CONVERSION = YES;
				CLANG_WARN_CONSTANT_CONVERSION = YES;
				CLANG_WARN_DIRECT_OBJC_ISA_USAGE = YES_ERROR;
				CLANG_WARN_EMPTY_BODY = YES;
				CLANG_WARN_ENUM_CONVERSION = YES;
				CLANG_WARN_INT_CONVERSION = YES;
				CLANG_WARN_OBJC_ROOT_CLASS = YES_ERROR;
				CLANG_WARN__DUPLICATE_METHOD_MATCH = YES;
				COPY_PHASE_STRIP = YES;
				ENABLE_NS_ASSERTIONS = NO;
				GCC_C_LANGUAGE_STANDARD = gnu99;
				GCC_WARN_64_TO_32_BIT_CONVERSION = YES;
				GCC_WARN_ABOUT_RETURN_TYPE = YES_ERROR;
				GCC_WARN_UNDECLARED_SELECTOR = YES;
				GCC_WARN_UNINITIALIZED_AUTOS = YES_AGGRESSIVE;
				GCC_WARN_UNUSED_FUNCTION = YES;
				GCC_WARN_UNUSED_VARIABLE = YES;
				IPHONEOS_DEPLOYMENT_TARGET = 7.1;
				SDKROOT = iphoneos;
				VALIDATE_PRODUCT = YES;
			};
			name = Release;
		};
		C2C4498219DAD10200411086 /* Debug */ = {
			isa = XCBuildConfiguration;
			buildSettings = {
				CLANG_ENABLE_OBJC_ARC = NO;
				DSTROOT = /tmp/IOANTlib.dst;
				GCC_PRECOMPILE_PREFIX_HEADER = YES;
				GCC_PREFIX_HEADER = "IOANTlib/IOANTlib-Prefix.pch";
				OTHER_LDFLAGS = "-ObjC";
				PRODUCT_NAME = "$(TARGET_NAME)";
				SKIP_INSTALL = YES;
			};
			name = Debug;
		};
		C2C4498319DAD10200411086 /* Release */ = {
			isa = XCBuildConfiguration;
			buildSettings = {
				CLANG_ENABLE_OBJC_ARC = NO;
				DSTROOT = /tmp/IOANTlib.dst;
				GCC_PRECOMPILE_PREFIX_HEADER = YES;
				GCC_PREFIX_HEADER = "IOANTlib/IOANTlib-Prefix.pch";
				OTHER_LDFLAGS = "-ObjC";
				PRODUCT_NAME = "$(TARGET_NAME)";
				SKIP_INSTALL = YES;
			};
			name = Release;
		};
		C2C4498519DAD10200411086 /* Debug */ = {
			isa = XCBuildConfiguration;
			buildSettings = {
				FRAMEWORK_SEARCH_PATHS = (
					"$(SDKROOT)/Developer/Library/Frameworks",
					"$(inherited)",
					"$(DEVELOPER_FRAMEWORKS_DIR)",
				);
				GCC_PRECOMPILE_PREFIX_HEADER = YES;
				GCC_PREFIX_HEADER = "IOANTlib/IOANTlib-Prefix.pch";
				GCC_PREPROCESSOR_DEFINITIONS = (
					"DEBUG=1",
					"$(inherited)",
				);
				INFOPLIST_FILE = "IOANTlibTests/IOANTlibTests-Info.plist";
				PRODUCT_NAME = "$(TARGET_NAME)";
				WRAPPER_EXTENSION = xctest;
			};
			name = Debug;
		};
		C2C4498619DAD10200411086 /* Release */ = {
			isa = XCBuildConfiguration;
			buildSettings = {
				FRAMEWORK_SEARCH_PATHS = (
					"$(SDKROOT)/Developer/Library/Frameworks",
					"$(inherited)",
					"$(DEVELOPER_FRAMEWORKS_DIR)",
				);
				GCC_PRECOMPILE_PREFIX_HEADER = YES;
				GCC_PREFIX_HEADER = "IOANTlib/IOANTlib-Prefix.pch";
				INFOPLIST_FILE = "IOANTlibTests/IOANTlibTests-Info.plist";
				PRODUCT_NAME = "$(TARGET_NAME)";
				WRAPPER_EXTENSION = xctest;
			};
			name = Release;
		};
/* End XCBuildConfiguration section */

/* Begin XCConfigurationList section */
		C2C4495919DAD10200411086 /* Build configuration list for PBXProject "IOANTlib" */ = {
			isa = XCConfigurationList;
			buildConfigurations = (
				C2C4497F19DAD10200411086 /* Debug */,
				C2C4498019DAD10200411086 /* Release */,
			);
			defaultConfigurationIsVisible = 0;
			defaultConfigurationName = Release;
		};
		C2C4498119DAD10200411086 /* Build configuration list for PBXNativeTarget "IOANTlib" */ = {
			isa = XCConfigurationList;
			buildConfigurations = (
				C2C4498219DAD10200411086 /* Debug */,
				C2C4498319DAD10200411086 /* Release */,
			);
			defaultConfigurationIsVisible = 0;
		};
		C2C4498419DAD10200411086 /* Build configuration list for PBXNativeTarget "IOANTlibTests" */ = {
			isa = XCConfigurationList;
			buildConfigurations = (
				C2C4498519DAD10200411086 /* Debug */,
				C2C4498619DAD10200411086 /* Release */,
			);
			defaultConfigurationIsVisible = 0;
		};
/* End XCConfigurationList section */
	};
	rootObject = C2C4495619DAD10200411086 /* Project object */;
}
